// !$*UTF8*$!
{
	archiveVersion = 1;
	classes = {
	};
	objectVersion = 46;
	objects = {

/* Begin PBXBuildFile section */
		EB64E4ED1AF2E786003F7A6F /* main.m in Sources */ = {isa = PBXBuildFile; fileRef = EB64E4EC1AF2E786003F7A6F /* main.m */; };
		EB64E4F01AF2E786003F7A6F /* AppDelegate.m in Sources */ = {isa = PBXBuildFile; fileRef = EB64E4EF1AF2E786003F7A6F /* AppDelegate.m */; };
		EB64E4F61AF2E786003F7A6F /* Main.storyboard in Resources */ = {isa = PBXBuildFile; fileRef = EB64E4F41AF2E786003F7A6F /* Main.storyboard */; };
		EB64E4F81AF2E786003F7A6F /* Images.xcassets in Resources */ = {isa = PBXBuildFile; fileRef = EB64E4F71AF2E786003F7A6F /* Images.xcassets */; };
		EB64E4FB1AF2E786003F7A6F /* LaunchScreen.xib in Resources */ = {isa = PBXBuildFile; fileRef = EB64E4F91AF2E786003F7A6F /* LaunchScreen.xib */; };
		EB64E5071AF2E786003F7A6F /* ExemploAula02Tests.m in Sources */ = {isa = PBXBuildFile; fileRef = EB64E5061AF2E786003F7A6F /* ExemploAula02Tests.m */; };
		EB64E5121AF2EA76003F7A6F /* HelloWorldViewController.m in Sources */ = {isa = PBXBuildFile; fileRef = EB64E5111AF2EA76003F7A6F /* HelloWorldViewController.m */; };
		EB64E5151AF3043B003F7A6F /* SegundaTelaViewController.m in Sources */ = {isa = PBXBuildFile; fileRef = EB64E5141AF3043B003F7A6F /* SegundaTelaViewController.m */; };
/* End PBXBuildFile section */

/* Begin PBXContainerItemProxy section */
		EB64E5011AF2E786003F7A6F /* PBXContainerItemProxy */ = {
			isa = PBXContainerItemProxy;
			containerPortal = EB64E4DF1AF2E785003F7A6F /* Project object */;
			proxyType = 1;
			remoteGlobalIDString = EB64E4E61AF2E786003F7A6F;
			remoteInfo = ExemploAula02;
		};
/* End PBXContainerItemProxy section */

/* Begin PBXFileReference section */
		EB64E4E71AF2E786003F7A6F /* ExemploAula02.app */ = {isa = PBXFileReference; explicitFileType = wrapper.application; includeInIndex = 0; path = ExemploAula02.app; sourceTree = BUILT_PRODUCTS_DIR; };
		EB64E4EB1AF2E786003F7A6F /* Info.plist */ = {isa = PBXFileReference; lastKnownFileType = text.plist.xml; path = Info.plist; sourceTree = "<group>"; };
		EB64E4EC1AF2E786003F7A6F /* main.m */ = {isa = PBXFileReference; lastKnownFileType = sourcecode.c.objc; path = main.m; sourceTree = "<group>"; };
		EB64E4EE1AF2E786003F7A6F /* AppDelegate.h */ = {isa = PBXFileReference; lastKnownFileType = sourcecode.c.h; path = AppDelegate.h; sourceTree = "<group>"; };
		EB64E4EF1AF2E786003F7A6F /* AppDelegate.m */ = {isa = PBXFileReference; lastKnownFileType = sourcecode.c.objc; path = AppDelegate.m; sourceTree = "<group>"; };
		EB64E4F51AF2E786003F7A6F /* Base */ = {isa = PBXFileReference; lastKnownFileType = file.storyboard; name = Base; path = Base.lproj/Main.storyboard; sourceTree = "<group>"; };
		EB64E4F71AF2E786003F7A6F /* Images.xcassets */ = {isa = PBXFileReference; lastKnownFileType = folder.assetcatalog; path = Images.xcassets; sourceTree = "<group>"; };
		EB64E4FA1AF2E786003F7A6F /* Base */ = {isa = PBXFileReference; lastKnownFileType = file.xib; name = Base; path = Base.lproj/LaunchScreen.xib; sourceTree = "<group>"; };
		EB64E5001AF2E786003F7A6F /* ExemploAula02Tests.xctest */ = {isa = PBXFileReference; explicitFileType = wrapper.cfbundle; includeInIndex = 0; path = ExemploAula02Tests.xctest; sourceTree = BUILT_PRODUCTS_DIR; };
		EB64E5051AF2E786003F7A6F /* Info.plist */ = {isa = PBXFileReference; lastKnownFileType = text.plist.xml; path = Info.plist; sourceTree = "<group>"; };
		EB64E5061AF2E786003F7A6F /* ExemploAula02Tests.m */ = {isa = PBXFileReference; lastKnownFileType = sourcecode.c.objc; path = ExemploAula02Tests.m; sourceTree = "<group>"; };
		EB64E5101AF2EA76003F7A6F /* HelloWorldViewController.h */ = {isa = PBXFileReference; fileEncoding = 4; lastKnownFileType = sourcecode.c.h; path = HelloWorldViewController.h; sourceTree = "<group>"; };
		EB64E5111AF2EA76003F7A6F /* HelloWorldViewController.m */ = {isa = PBXFileReference; fileEncoding = 4; lastKnownFileType = sourcecode.c.objc; path = HelloWorldViewController.m; sourceTree = "<group>"; };
		EB64E5131AF3043B003F7A6F /* SegundaTelaViewController.h */ = {isa = PBXFileReference; fileEncoding = 4; lastKnownFileType = sourcecode.c.h; path = SegundaTelaViewController.h; sourceTree = "<group>"; };
		EB64E5141AF3043B003F7A6F /* SegundaTelaViewController.m */ = {isa = PBXFileReference; fileEncoding = 4; lastKnownFileType = sourcecode.c.objc; path = SegundaTelaViewController.m; sourceTree = "<group>"; };
/* End PBXFileReference section */

/* Begin PBXFrameworksBuildPhase section */
		EB64E4E41AF2E786003F7A6F /* Frameworks */ = {
			isa = PBXFrameworksBuildPhase;
			buildActionMask = 2147483647;
			files = (
			);
			runOnlyForDeploymentPostprocessing = 0;
		};
		EB64E4FD1AF2E786003F7A6F /* Frameworks */ = {
			isa = PBXFrameworksBuildPhase;
			buildActionMask = 2147483647;
			files = (
			);
			runOnlyForDeploymentPostprocessing = 0;
		};
/* End PBXFrameworksBuildPhase section */

/* Begin PBXGroup section */
		EB64E4DE1AF2E785003F7A6F = {
			isa = PBXGroup;
			children = (
				EB64E4E91AF2E786003F7A6F /* ExemploAula02 */,
				EB64E5031AF2E786003F7A6F /* ExemploAula02Tests */,
				EB64E4E81AF2E786003F7A6F /* Products */,
			);
			sourceTree = "<group>";
		};
		EB64E4E81AF2E786003F7A6F /* Products */ = {
			isa = PBXGroup;
			children = (
				EB64E4E71AF2E786003F7A6F /* ExemploAula02.app */,
				EB64E5001AF2E786003F7A6F /* ExemploAula02Tests.xctest */,
			);
			name = Products;
			sourceTree = "<group>";
		};
		EB64E4E91AF2E786003F7A6F /* ExemploAula02 */ = {
			isa = PBXGroup;
			children = (
				EB64E4EE1AF2E786003F7A6F /* AppDelegate.h */,
				EB64E4EF1AF2E786003F7A6F /* AppDelegate.m */,
				EB64E4F41AF2E786003F7A6F /* Main.storyboard */,
				EB64E4F71AF2E786003F7A6F /* Images.xcassets */,
				EB64E4F91AF2E786003F7A6F /* LaunchScreen.xib */,
				EB64E4EA1AF2E786003F7A6F /* Supporting Files */,
				EB64E5101AF2EA76003F7A6F /* HelloWorldViewController.h */,
				EB64E5111AF2EA76003F7A6F /* HelloWorldViewController.m */,
				EB64E5131AF3043B003F7A6F /* SegundaTelaViewController.h */,
				EB64E5141AF3043B003F7A6F /* SegundaTelaViewController.m */,
			);
			path = ExemploAula02;
			sourceTree = "<group>";
		};
		EB64E4EA1AF2E786003F7A6F /* Supporting Files */ = {
			isa = PBXGroup;
			children = (
				EB64E4EB1AF2E786003F7A6F /* Info.plist */,
				EB64E4EC1AF2E786003F7A6F /* main.m */,
			);
			name = "Supporting Files";
			sourceTree = "<group>";
		};
		EB64E5031AF2E786003F7A6F /* ExemploAula02Tests */ = {
			isa = PBXGroup;
			children = (
				EB64E5061AF2E786003F7A6F /* ExemploAula02Tests.m */,
				EB64E5041AF2E786003F7A6F /* Supporting Files */,
			);
			path = ExemploAula02Tests;
			sourceTree = "<group>";
		};
		EB64E5041AF2E786003F7A6F /* Supporting Files */ = {
			isa = PBXGroup;
			children = (
				EB64E5051AF2E786003F7A6F /* Info.plist */,
			);
			name = "Supporting Files";
			sourceTree = "<group>";
		};
/* End PBXGroup section */

/* Begin PBXNativeTarget section */
		EB64E4E61AF2E786003F7A6F /* ExemploAula02 */ = {
			isa = PBXNativeTarget;
			buildConfigurationList = EB64E50A1AF2E786003F7A6F /* Build configuration list for PBXNativeTarget "ExemploAula02" */;
			buildPhases = (
				EB64E4E31AF2E786003F7A6F /* Sources */,
				EB64E4E41AF2E786003F7A6F /* Frameworks */,
				EB64E4E51AF2E786003F7A6F /* Resources */,
			);
			buildRules = (
			);
			dependencies = (
			);
			name = ExemploAula02;
			productName = ExemploAula02;
			productReference = EB64E4E71AF2E786003F7A6F /* ExemploAula02.app */;
			productType = "com.apple.product-type.application";
		};
		EB64E4FF1AF2E786003F7A6F /* ExemploAula02Tests */ = {
			isa = PBXNativeTarget;
			buildConfigurationList = EB64E50D1AF2E786003F7A6F /* Build configuration list for PBXNativeTarget "ExemploAula02Tests" */;
			buildPhases = (
				EB64E4FC1AF2E786003F7A6F /* Sources */,
				EB64E4FD1AF2E786003F7A6F /* Frameworks */,
				EB64E4FE1AF2E786003F7A6F /* Resources */,
			);
			buildRules = (
			);
			dependencies = (
				EB64E5021AF2E786003F7A6F /* PBXTargetDependency */,
			);
			name = ExemploAula02Tests;
			productName = ExemploAula02Tests;
			productReference = EB64E5001AF2E786003F7A6F /* ExemploAula02Tests.xctest */;
			productType = "com.apple.product-type.bundle.unit-test";
		};
/* End PBXNativeTarget section */

/* Begin PBXProject section */
		EB64E4DF1AF2E785003F7A6F /* Project object */ = {
			isa = PBXProject;
			attributes = {
				LastUpgradeCheck = 0630;
				ORGANIZATIONNAME = IESB;
				TargetAttributes = {
					EB64E4E61AF2E786003F7A6F = {
						CreatedOnToolsVersion = 6.3.1;
					};
					EB64E4FF1AF2E786003F7A6F = {
						CreatedOnToolsVersion = 6.3.1;
						TestTargetID = EB64E4E61AF2E786003F7A6F;
					};
				};
			};
			buildConfigurationList = EB64E4E21AF2E785003F7A6F /* Build configuration list for PBXProject "ExemploAula02" */;
			compatibilityVersion = "Xcode 3.2";
			developmentRegion = English;
			hasScannedForEncodings = 0;
			knownRegions = (
				en,
				Base,
			);
			mainGroup = EB64E4DE1AF2E785003F7A6F;
			productRefGroup = EB64E4E81AF2E786003F7A6F /* Products */;
			projectDirPath = "";
			projectRoot = "";
			targets = (
				EB64E4E61AF2E786003F7A6F /* ExemploAula02 */,
				EB64E4FF1AF2E786003F7A6F /* ExemploAula02Tests */,
			);
		};
/* End PBXProject section */

/* Begin PBXResourcesBuildPhase section */
		EB64E4E51AF2E786003F7A6F /* Resources */ = {
			isa = PBXResourcesBuildPhase;
			buildActionMask = 2147483647;
			files = (
				EB64E4F61AF2E786003F7A6F /* Main.storyboard in Resources */,
				EB64E4FB1AF2E786003F7A6F /* LaunchScreen.xib in Resources */,
				EB64E4F81AF2E786003F7A6F /* Images.xcassets in Resources */,
			);
			runOnlyForDeploymentPostprocessing = 0;
		};
		EB64E4FE1AF2E786003F7A6F /* Resources */ = {
			isa = PBXResourcesBuildPhase;
			buildActionMask = 2147483647;
			files = (
			);
			runOnlyForDeploymentPostprocessing = 0;
		};
/* End PBXResourcesBuildPhase section */

/* Begin PBXSourcesBuildPhase section */
		EB64E4E31AF2E786003F7A6F /* Sources */ = {
			isa = PBXSourcesBuildPhase;
			buildActionMask = 2147483647;
			files = (
				EB64E4F01AF2E786003F7A6F /* AppDelegate.m in Sources */,
				EB64E5121AF2EA76003F7A6F /* HelloWorldViewController.m in Sources */,
				EB64E5151AF3043B003F7A6F /* SegundaTelaViewController.m in Sources */,
				EB64E4ED1AF2E786003F7A6F /* main.m in Sources */,
			);
			runOnlyForDeploymentPostprocessing = 0;
		};
		EB64E4FC1AF2E786003F7A6F /* Sources */ = {
			isa = PBXSourcesBuildPhase;
			buildActionMask = 2147483647;
			files = (
				EB64E5071AF2E786003F7A6F /* ExemploAula02Tests.m in Sources */,
			);
			runOnlyForDeploymentPostprocessing = 0;
		};
/* End PBXSourcesBuildPhase section */

/* Begin PBXTargetDependency section */
		EB64E5021AF2E786003F7A6F /* PBXTargetDependency */ = {
			isa = PBXTargetDependency;
			target = EB64E4E61AF2E786003F7A6F /* ExemploAula02 */;
			targetProxy = EB64E5011AF2E786003F7A6F /* PBXContainerItemProxy */;
		};
/* End PBXTargetDependency section */

/* Begin PBXVariantGroup section */
		EB64E4F41AF2E786003F7A6F /* Main.storyboard */ = {
			isa = PBXVariantGroup;
			children = (
				EB64E4F51AF2E786003F7A6F /* Base */,
			);
			name = Main.storyboard;
			sourceTree = "<group>";
		};
		EB64E4F91AF2E786003F7A6F /* LaunchScreen.xib */ = {
			isa = PBXVariantGroup;
			children = (
				EB64E4FA1AF2E786003F7A6F /* Base */,
			);
			name = LaunchScreen.xib;
			sourceTree = "<group>";
		};
/* End PBXVariantGroup section */

/* Begin XCBuildConfiguration section */
		EB64E5081AF2E786003F7A6F /* Debug */ = {
			isa = XCBuildConfiguration;
			buildSettings = {
				ALWAYS_SEARCH_USER_PATHS = NO;
				CLANG_CXX_LANGUAGE_STANDARD = "gnu++0x";
				CLANG_CXX_LIBRARY = "libc++";
				CLANG_ENABLE_MODULES = YES;
				CLANG_ENABLE_OBJC_ARC = YES;
				CLANG_WARN_BOOL_CONVERSION = YES;
				CLANG_WARN_CONSTANT_CONVERSION = YES;
				CLANG_WARN_DIRECT_OBJC_ISA_USAGE = YES_ERROR;
				CLANG_WARN_EMPTY_BODY = YES;
				CLANG_WARN_ENUM_CONVERSION = YES;
				CLANG_WARN_INT_CONVERSION = YES;
				CLANG_WARN_OBJC_ROOT_CLASS = YES_ERROR;
				CLANG_WARN_UNREACHABLE_CODE = YES;
				CLANG_WARN__DUPLICATE_METHOD_MATCH = YES;
				"CODE_SIGN_IDENTITY[sdk=iphoneos*]" = "iPhone Developer";
				COPY_PHASE_STRIP = NO;
				DEBUG_INFORMATION_FORMAT = "dwarf-with-dsym";
				ENABLE_STRICT_OBJC_MSGSEND = YES;
				GCC_C_LANGUAGE_STANDARD = gnu99;
				GCC_DYNAMIC_NO_PIC = NO;
				GCC_NO_COMMON_BLOCKS = YES;
				GCC_OPTIMIZATION_LEVEL = 0;
				GCC_PREPROCESSOR_DEFINITIONS = (
					"DEBUG=1",
					"$(inherited)",
				);
				GCC_SYMBOLS_PRIVATE_EXTERN = NO;
				GCC_WARN_64_TO_32_BIT_CONVERSION = YES;
				GCC_WARN_ABOUT_RETURN_TYPE = YES_ERROR;
				GCC_WARN_UNDECLARED_SELECTOR = YES;
				GCC_WARN_UNINITIALIZED_AUTOS = YES_AGGRESSIVE;
				GCC_WARN_UNUSED_FUNCTION = YES;
				GCC_WARN_UNUSED_VARIABLE = YES;
				IPHONEOS_DEPLOYMENT_TARGET = 8.3;
				MTL_ENABLE_DEBUG_INFO = YES;
				ONLY_ACTIVE_ARCH = YES;
				SDKROOT = iphoneos;
			};
			name = Debug;
		};
		EB64E5091AF2E786003F7A6F /* Release */ = {
			isa = XCBuildConfiguration;
			buildSettings = {
				ALWAYS_SEARCH_USER_PATHS = NO;
				CLANG_CXX_LANGUAGE_STANDARD = "gnu++0x";
				CLANG_CXX_LIBRARY = "libc++";
				CLANG_ENABLE_MODULES = YES;
				CLANG_ENABLE_OBJC_ARC = YES;
				CLANG_WARN_BOOL_CONVERSION = YES;
				CLANG_WARN_CONSTANT_CONVERSION = YES;
				CLANG_WARN_DIRECT_OBJC_ISA_USAGE = YES_ERROR;
				CLANG_WARN_EMPTY_BODY = YES;
				CLANG_WARN_ENUM_CONVERSION = YES;
				CLANG_WARN_INT_CONVERSION = YES;
				CLANG_WARN_OBJC_ROOT_CLASS = YES_ERROR;
				CLANG_WARN_UNREACHABLE_CODE = YES;
				CLANG_WARN__DUPLICATE_METHOD_MATCH = YES;
				"CODE_SIGN_IDENTITY[sdk=iphoneos*]" = "iPhone Developer";
				COPY_PHASE_STRIP = NO;
				DEBUG_INFORMATION_FORMAT = "dwarf-with-dsym";
				ENABLE_NS_ASSERTIONS = NO;
				ENABLE_STRICT_OBJC_MSGSEND = YES;
				GCC_C_LANGUAGE_STANDARD = gnu99;
				GCC_NO_COMMON_BLOCKS = YES;
				GCC_WARN_64_TO_32_BIT_CONVERSION = YES;
				GCC_WARN_ABOUT_RETURN_TYPE = YES_ERROR;
				GCC_WARN_UNDECLARED_SELECTOR = YES;
				GCC_WARN_UNINITIALIZED_AUTOS = YES_AGGRESSIVE;
				GCC_WARN_UNUSED_FUNCTION = YES;
				GCC_WARN_UNUSED_VARIABLE = YES;
				IPHONEOS_DEPLOYMENT_TARGET = 8.3;
				MTL_ENABLE_DEBUG_INFO = NO;
				SDKROOT = iphoneos;
				VALIDATE_PRODUCT = YES;
			};
			name = Release;
		};
		EB64E50B1AF2E786003F7A6F /* Debug */ = {
			isa = XCBuildConfiguration;
			buildSettings = {
				ASSETCATALOG_COMPILER_APPICON_NAME = AppIcon;
				INFOPLIST_FILE = ExemploAula02/Info.plist;
				LD_RUNPATH_SEARCH_PATHS = "$(inherited) @executable_path/Frameworks";
				PRODUCT_NAME = "$(TARGET_NAME)";
			};
			name = Debug;
		};
		EB64E50C1AF2E786003F7A6F /* Release */ = {
			isa = XCBuildConfiguration;
			buildSettings = {
				ASSETCATALOG_COMPILER_APPICON_NAME = AppIcon;
				INFOPLIST_FILE = ExemploAula02/Info.plist;
				LD_RUNPATH_SEARCH_PATHS = "$(inherited) @executable_path/Frameworks";
				PRODUCT_NAME = "$(TARGET_NAME)";
			};
			name = Release;
		};
		EB64E50E1AF2E786003F7A6F /* Debug */ = {
			isa = XCBuildConfiguration;
			buildSettings = {
				BUNDLE_LOADER = "$(TEST_HOST)";
				FRAMEWORK_SEARCH_PATHS = (
					"$(SDKROOT)/Developer/Library/Frameworks",
					"$(inherited)",
				);
				GCC_PREPROCESSOR_DEFINITIONS = (
					"DEBUG=1",
					"$(inherited)",
				);
				INFOPLIST_FILE = ExemploAula02Tests/Info.plist;
				LD_RUNPATH_SEARCH_PATHS = "$(inherited) @executable_path/Frameworks @loader_path/Frameworks";
				PRODUCT_NAME = "$(TARGET_NAME)";
				TEST_HOST = "$(BUILT_PRODUCTS_DIR)/ExemploAula02.app/ExemploAula02";
			};
			name = Debug;
		};
		EB64E50F1AF2E786003F7A6F /* Release */ = {
			isa = XCBuildConfiguration;
			buildSettings = {
				BUNDLE_LOADER = "$(TEST_HOST)";
				FRAMEWORK_SEARCH_PATHS = (
					"$(SDKROOT)/Developer/Library/Frameworks",
					"$(inherited)",
				);
				INFOPLIST_FILE = ExemploAula02Tests/Info.plist;
				LD_RUNPATH_SEARCH_PATHS = "$(inherited) @executable_path/Frameworks @loader_path/Frameworks";
				PRODUCT_NAME = "$(TARGET_NAME)";
				TEST_HOST = "$(BUILT_PRODUCTS_DIR)/ExemploAula02.app/ExemploAula02";
			};
			name = Release;
		};
/* End XCBuildConfiguration section */

/* Begin XCConfigurationList section */
		EB64E4E21AF2E785003F7A6F /* Build configuration list for PBXProject "ExemploAula02" */ = {
			isa = XCConfigurationList;
			buildConfigurations = (
				EB64E5081AF2E786003F7A6F /* Debug */,
				EB64E5091AF2E786003F7A6F /* Release */,
			);
			defaultConfigurationIsVisible = 0;
			defaultConfigurationName = Release;
		};
		EB64E50A1AF2E786003F7A6F /* Build configuration list for PBXNativeTarget "ExemploAula02" */ = {
			isa = XCConfigurationList;
			buildConfigurations = (
				EB64E50B1AF2E786003F7A6F /* Debug */,
				EB64E50C1AF2E786003F7A6F /* Release */,
			);
			defaultConfigurationIsVisible = 0;
		};
		EB64E50D1AF2E786003F7A6F /* Build configuration list for PBXNativeTarget "ExemploAula02Tests" */ = {
			isa = XCConfigurationList;
			buildConfigurations = (
				EB64E50E1AF2E786003F7A6F /* Debug */,
				EB64E50F1AF2E786003F7A6F /* Release */,
			);
			defaultConfigurationIsVisible = 0;
		};
/* End XCConfigurationList section */
	};
	rootObject = EB64E4DF1AF2E785003F7A6F /* Project object */;
}
